// !$*UTF8*$!
{
	archiveVersion = 1;
	classes = {
	};
	objectVersion = 56;
	objects = {

/* Begin PBXBuildFile section */
		0F1A3F4D297501BB008DAEAE /* AppDelegate.swift in Sources */ = {isa = PBXBuildFile; fileRef = 0F1A3F4C297501BB008DAEAE /* AppDelegate.swift */; };
		0F1A3F4F297501BB008DAEAE /* SceneDelegate.swift in Sources */ = {isa = PBXBuildFile; fileRef = 0F1A3F4E297501BB008DAEAE /* SceneDelegate.swift */; };
		0F1A3F51297501BB008DAEAE /* ViewController.swift in Sources */ = {isa = PBXBuildFile; fileRef = 0F1A3F50297501BB008DAEAE /* ViewController.swift */; };
		0F1A3F54297501BB008DAEAE /* Main.storyboard in Resources */ = {isa = PBXBuildFile; fileRef = 0F1A3F52297501BB008DAEAE /* Main.storyboard */; };
		0F1A3F56297501BD008DAEAE /* Assets.xcassets in Resources */ = {isa = PBXBuildFile; fileRef = 0F1A3F55297501BD008DAEAE /* Assets.xcassets */; };
		0F1A3F59297501BD008DAEAE /* LaunchScreen.storyboard in Resources */ = {isa = PBXBuildFile; fileRef = 0F1A3F57297501BD008DAEAE /* LaunchScreen.storyboard */; };
		0F1A3F6129750223008DAEAE /* ViewModel.swift in Sources */ = {isa = PBXBuildFile; fileRef = 0F1A3F6029750223008DAEAE /* ViewModel.swift */; };
		0F1A3F6429750346008DAEAE /* RxCocoa in Frameworks */ = {isa = PBXBuildFile; productRef = 0F1A3F6329750346008DAEAE /* RxCocoa */; };
		0F1A3F6629750346008DAEAE /* RxSwift in Frameworks */ = {isa = PBXBuildFile; productRef = 0F1A3F6529750346008DAEAE /* RxSwift */; };
/* End PBXBuildFile section */

/* Begin PBXFileReference section */
		0F1A3F49297501BB008DAEAE /* RxWithLatestFromTest.app */ = {isa = PBXFileReference; explicitFileType = wrapper.application; includeInIndex = 0; path = RxWithLatestFromTest.app; sourceTree = BUILT_PRODUCTS_DIR; };
		0F1A3F4C297501BB008DAEAE /* AppDelegate.swift */ = {isa = PBXFileReference; lastKnownFileType = sourcecode.swift; path = AppDelegate.swift; sourceTree = "<group>"; };
		0F1A3F4E297501BB008DAEAE /* SceneDelegate.swift */ = {isa = PBXFileReference; lastKnownFileType = sourcecode.swift; path = SceneDelegate.swift; sourceTree = "<group>"; };
		0F1A3F50297501BB008DAEAE /* ViewController.swift */ = {isa = PBXFileReference; lastKnownFileType = sourcecode.swift; path = ViewController.swift; sourceTree = "<group>"; };
		0F1A3F53297501BB008DAEAE /* Base */ = {isa = PBXFileReference; lastKnownFileType = file.storyboard; name = Base; path = Base.lproj/Main.storyboard; sourceTree = "<group>"; };
		0F1A3F55297501BD008DAEAE /* Assets.xcassets */ = {isa = PBXFileReference; lastKnownFileType = folder.assetcatalog; path = Assets.xcassets; sourceTree = "<group>"; };
		0F1A3F58297501BD008DAEAE /* Base */ = {isa = PBXFileReference; lastKnownFileType = file.storyboard; name = Base; path = Base.lproj/LaunchScreen.storyboard; sourceTree = "<group>"; };
		0F1A3F5A297501BD008DAEAE /* Info.plist */ = {isa = PBXFileReference; lastKnownFileType = text.plist.xml; path = Info.plist; sourceTree = "<group>"; };
		0F1A3F6029750223008DAEAE /* ViewModel.swift */ = {isa = PBXFileReference; lastKnownFileType = sourcecode.swift; path = ViewModel.swift; sourceTree = "<group>"; };
/* End PBXFileReference section */

/* Begin PBXFrameworksBuildPhase section */
		0F1A3F46297501BB008DAEAE /* Frameworks */ = {
			isa = PBXFrameworksBuildPhase;
			buildActionMask = 2147483647;
			files = (
				0F1A3F6629750346008DAEAE /* RxSwift in Frameworks */,
				0F1A3F6429750346008DAEAE /* RxCocoa in Frameworks */,
			);
			runOnlyForDeploymentPostprocessing = 0;
		};
/* End PBXFrameworksBuildPhase section */

/* Begin PBXGroup section */
		0F1A3F40297501BB008DAEAE = {
			isa = PBXGroup;
			children = (
				0F1A3F4B297501BB008DAEAE /* RxWithLatestFromTest */,
				0F1A3F4A297501BB008DAEAE /* Products */,
			);
			sourceTree = "<group>";
		};
		0F1A3F4A297501BB008DAEAE /* Products */ = {
			isa = PBXGroup;
			children = (
				0F1A3F49297501BB008DAEAE /* RxWithLatestFromTest.app */,
			);
			name = Products;
			sourceTree = "<group>";
		};
		0F1A3F4B297501BB008DAEAE /* RxWithLatestFromTest */ = {
			isa = PBXGroup;
			children = (
				0F1A3F4C297501BB008DAEAE /* AppDelegate.swift */,
				0F1A3F4E297501BB008DAEAE /* SceneDelegate.swift */,
				0F1A3F50297501BB008DAEAE /* ViewController.swift */,
				0F1A3F6029750223008DAEAE /* ViewModel.swift */,
				0F1A3F52297501BB008DAEAE /* Main.storyboard */,
				0F1A3F55297501BD008DAEAE /* Assets.xcassets */,
				0F1A3F57297501BD008DAEAE /* LaunchScreen.storyboard */,
				0F1A3F5A297501BD008DAEAE /* Info.plist */,
			);
			path = RxWithLatestFromTest;
			sourceTree = "<group>";
		};
/* End PBXGroup section */

/* Begin PBXNativeTarget section */
		0F1A3F48297501BB008DAEAE /* RxWithLatestFromTest */ = {
			isa = PBXNativeTarget;
			buildConfigurationList = 0F1A3F5D297501BD008DAEAE /* Build configuration list for PBXNativeTarget "RxWithLatestFromTest" */;
			buildPhases = (
				0F1A3F45297501BB008DAEAE /* Sources */,
				0F1A3F46297501BB008DAEAE /* Frameworks */,
				0F1A3F47297501BB008DAEAE /* Resources */,
			);
			buildRules = (
			);
			dependencies = (
			);
			name = RxWithLatestFromTest;
			packageProductDependencies = (
				0F1A3F6329750346008DAEAE /* RxCocoa */,
				0F1A3F6529750346008DAEAE /* RxSwift */,
			);
			productName = RxWithLatestFromTest;
			productReference = 0F1A3F49297501BB008DAEAE /* RxWithLatestFromTest.app */;
			productType = "com.apple.product-type.application";
		};
/* End PBXNativeTarget section */

/* Begin PBXProject section */
		0F1A3F41297501BB008DAEAE /* Project object */ = {
			isa = PBXProject;
			attributes = {
				BuildIndependentTargetsInParallel = 1;
				LastSwiftUpdateCheck = 1420;
				LastUpgradeCheck = 1420;
				TargetAttributes = {
					0F1A3F48297501BB008DAEAE = {
						CreatedOnToolsVersion = 14.2;
					};
				};
			};
			buildConfigurationList = 0F1A3F44297501BB008DAEAE /* Build configuration list for PBXProject "RxWithLatestFromTest" */;
			compatibilityVersion = "Xcode 14.0";
			developmentRegion = en;
			hasScannedForEncodings = 0;
			knownRegions = (
				en,
				Base,
			);
			mainGroup = 0F1A3F40297501BB008DAEAE;
			packageReferences = (
				0F1A3F6229750346008DAEAE /* XCRemoteSwiftPackageReference "RxSwift" */,
			);
			productRefGroup = 0F1A3F4A297501BB008DAEAE /* Products */;
			projectDirPath = "";
			projectRoot = "";
			targets = (
				0F1A3F48297501BB008DAEAE /* RxWithLatestFromTest */,
			);
		};
/* End PBXProject section */

/* Begin PBXResourcesBuildPhase section */
		0F1A3F47297501BB008DAEAE /* Resources */ = {
			isa = PBXResourcesBuildPhase;
			buildActionMask = 2147483647;
			files = (
				0F1A3F59297501BD008DAEAE /* LaunchScreen.storyboard in Resources */,
				0F1A3F56297501BD008DAEAE /* Assets.xcassets in Resources */,
				0F1A3F54297501BB008DAEAE /* Main.storyboard in Resources */,
			);
			runOnlyForDeploymentPostprocessing = 0;
		};
/* End PBXResourcesBuildPhase section */

/* Begin PBXSourcesBuildPhase section */
		0F1A3F45297501BB008DAEAE /* Sources */ = {
			isa = PBXSourcesBuildPhase;
			buildActionMask = 2147483647;
			files = (
				0F1A3F51297501BB008DAEAE /* ViewController.swift in Sources */,
				0F1A3F4D297501BB008DAEAE /* AppDelegate.swift in Sources */,
				0F1A3F6129750223008DAEAE /* ViewModel.swift in Sources */,
				0F1A3F4F297501BB008DAEAE /* SceneDelegate.swift in Sources */,
			);
			runOnlyForDeploymentPostprocessing = 0;
		};
/* End PBXSourcesBuildPhase section */

/* Begin PBXVariantGroup section */
		0F1A3F52297501BB008DAEAE /* Main.storyboard */ = {
			isa = PBXVariantGroup;
			children = (
				0F1A3F53297501BB008DAEAE /* Base */,
			);
			name = Main.storyboard;
			sourceTree = "<group>";
		};
		0F1A3F57297501BD008DAEAE /* LaunchScreen.storyboard */ = {
			isa = PBXVariantGroup;
			children = (
				0F1A3F58297501BD008DAEAE /* Base */,
			);
			name = LaunchScreen.storyboard;
			sourceTree = "<group>";
		};
/* End PBXVariantGroup section */

/* Begin XCBuildConfiguration section */
		0F1A3F5B297501BD008DAEAE /* Debug */ = {
			isa = XCBuildConfiguration;
			buildSettings = {
				ALWAYS_SEARCH_USER_PATHS = NO;
				CLANG_ANALYZER_NONNULL = YES;
				CLANG_ANALYZER_NUMBER_OBJECT_CONVERSION = YES_AGGRESSIVE;
				CLANG_CXX_LANGUAGE_STANDARD = "gnu++20";
				CLANG_ENABLE_MODULES = YES;
				CLANG_ENABLE_OBJC_ARC = YES;
				CLANG_ENABLE_OBJC_WEAK = YES;
				CLANG_WARN_BLOCK_CAPTURE_AUTORELEASING = YES;
				CLANG_WARN_BOOL_CONVERSION = YES;
				CLANG_WARN_COMMA = YES;
				CLANG_WARN_CONSTANT_CONVERSION = YES;
				CLANG_WARN_DEPRECATED_OBJC_IMPLEMENTATIONS = YES;
				CLANG_WARN_DIRECT_OBJC_ISA_USAGE = YES_ERROR;
				CLANG_WARN_DOCUMENTATION_COMMENTS = YES;
				CLANG_WARN_EMPTY_BODY = YES;
				CLANG_WARN_ENUM_CONVERSION = YES;
				CLANG_WARN_INFINITE_RECURSION = YES;
				CLANG_WARN_INT_CONVERSION = YES;
				CLANG_WARN_NON_LITERAL_NULL_CONVERSION = YES;
				CLANG_WARN_OBJC_IMPLICIT_RETAIN_SELF = YES;
				CLANG_WARN_OBJC_LITERAL_CONVERSION = YES;
				CLANG_WARN_OBJC_ROOT_CLASS = YES_ERROR;
				CLANG_WARN_QUOTED_INCLUDE_IN_FRAMEWORK_HEADER = YES;
				CLANG_WARN_RANGE_LOOP_ANALYSIS = YES;
				CLANG_WARN_STRICT_PROTOTYPES = YES;
				CLANG_WARN_SUSPICIOUS_MOVE = YES;
				CLANG_WARN_UNGUARDED_AVAILABILITY = YES_AGGRESSIVE;
				CLANG_WARN_UNREACHABLE_CODE = YES;
				CLANG_WARN__DUPLICATE_METHOD_MATCH = YES;
				COPY_PHASE_STRIP = NO;
				DEBUG_INFORMATION_FORMAT = dwarf;
				ENABLE_STRICT_OBJC_MSGSEND = YES;
				ENABLE_TESTABILITY = YES;
				GCC_C_LANGUAGE_STANDARD = gnu11;
				GCC_DYNAMIC_NO_PIC = NO;
				GCC_NO_COMMON_BLOCKS = YES;
				GCC_OPTIMIZATION_LEVEL = 0;
				GCC_PREPROCESSOR_DEFINITIONS = (
					"DEBUG=1",
					"$(inherited)",
				);
				GCC_WARN_64_TO_32_BIT_CONVERSION = YES;
				GCC_WARN_ABOUT_RETURN_TYPE = YES_ERROR;
				GCC_WARN_UNDECLARED_SELECTOR = YES;
				GCC_WARN_UNINITIALIZED_AUTOS = YES_AGGRESSIVE;
				GCC_WARN_UNUSED_FUNCTION = YES;
				GCC_WARN_UNUSED_VARIABLE = YES;
				IPHONEOS_DEPLOYMENT_TARGET = 16.2;
				MTL_ENABLE_DEBUG_INFO = INCLUDE_SOURCE;
				MTL_FAST_MATH = YES;
				ONLY_ACTIVE_ARCH = YES;
				SDKROOT = iphoneos;
				SWIFT_ACTIVE_COMPILATION_CONDITIONS = DEBUG;
				SWIFT_OPTIMIZATION_LEVEL = "-Onone";
			};
			name = Debug;
		};
		0F1A3F5C297501BD008DAEAE /* Release */ = {
			isa = XCBuildConfiguration;
			buildSettings = {
				ALWAYS_SEARCH_USER_PATHS = NO;
				CLANG_ANALYZER_NONNULL = YES;
				CLANG_ANALYZER_NUMBER_OBJECT_CONVERSION = YES_AGGRESSIVE;
				CLANG_CXX_LANGUAGE_STANDARD = "gnu++20";
				CLANG_ENABLE_MODULES = YES;
				CLANG_ENABLE_OBJC_ARC = YES;
				CLANG_ENABLE_OBJC_WEAK = YES;
				CLANG_WARN_BLOCK_CAPTURE_AUTORELEASING = YES;
				CLANG_WARN_BOOL_CONVERSION = YES;
				CLANG_WARN_COMMA = YES;
				CLANG_WARN_CONSTANT_CONVERSION = YES;
				CLANG_WARN_DEPRECATED_OBJC_IMPLEMENTATIONS = YES;
				CLANG_WARN_DIRECT_OBJC_ISA_USAGE = YES_ERROR;
				CLANG_WARN_DOCUMENTATION_COMMENTS = YES;
				CLANG_WARN_EMPTY_BODY = YES;
				CLANG_WARN_ENUM_CONVERSION = YES;
				CLANG_WARN_INFINITE_RECURSION = YES;
				CLANG_WARN_INT_CONVERSION = YES;
				CLANG_WARN_NON_LITERAL_NULL_CONVERSION = YES;
				CLANG_WARN_OBJC_IMPLICIT_RETAIN_SELF = YES;
				CLANG_WARN_OBJC_LITERAL_CONVERSION = YES;
				CLANG_WARN_OBJC_ROOT_CLASS = YES_ERROR;
				CLANG_WARN_QUOTED_INCLUDE_IN_FRAMEWORK_HEADER = YES;
				CLANG_WARN_RANGE_LOOP_ANALYSIS = YES;
				CLANG_WARN_STRICT_PROTOTYPES = YES;
				CLANG_WARN_SUSPICIOUS_MOVE = YES;
				CLANG_WARN_UNGUARDED_AVAILABILITY = YES_AGGRESSIVE;
				CLANG_WARN_UNREACHABLE_CODE = YES;
				CLANG_WARN__DUPLICATE_METHOD_MATCH = YES;
				COPY_PHASE_STRIP = NO;
				DEBUG_INFORMATION_FORMAT = "dwarf-with-dsym";
				ENABLE_NS_ASSERTIONS = NO;
				ENABLE_STRICT_OBJC_MSGSEND = YES;
				GCC_C_LANGUAGE_STANDARD = gnu11;
				GCC_NO_COMMON_BLOCKS = YES;
				GCC_WARN_64_TO_32_BIT_CONVERSION = YES;
				GCC_WARN_ABOUT_RETURN_TYPE = YES_ERROR;
				GCC_WARN_UNDECLARED_SELECTOR = YES;
				GCC_WARN_UNINITIALIZED_AUTOS = YES_AGGRESSIVE;
				GCC_WARN_UNUSED_FUNCTION = YES;
				GCC_WARN_UNUSED_VARIABLE = YES;
				IPHONEOS_DEPLOYMENT_TARGET = 16.2;
				MTL_ENABLE_DEBUG_INFO = NO;
				MTL_FAST_MATH = YES;
				SDKROOT = iphoneos;
				SWIFT_COMPILATION_MODE = wholemodule;
				SWIFT_OPTIMIZATION_LEVEL = "-O";
				VALIDATE_PRODUCT = YES;
			};
			name = Release;
		};
		0F1A3F5E297501BD008DAEAE /* Debug */ = {
			isa = XCBuildConfiguration;
			buildSettings = {
				ASSETCATALOG_COMPILER_APPICON_NAME = AppIcon;
				ASSETCATALOG_COMPILER_GLOBAL_ACCENT_COLOR_NAME = AccentColor;
				CODE_SIGN_STYLE = Automatic;
				CURRENT_PROJECT_VERSION = 1;
				DEVELOPMENT_TEAM = 5YFP2CJ2SY;
				GENERATE_INFOPLIST_FILE = YES;
				INFOPLIST_FILE = RxWithLatestFromTest/Info.plist;
				INFOPLIST_KEY_UIApplicationSupportsIndirectInputEvents = YES;
				INFOPLIST_KEY_UILaunchStoryboardName = LaunchScreen;
				INFOPLIST_KEY_UIMainStoryboardFile = Main;
				INFOPLIST_KEY_UISupportedInterfaceOrientations_iPad = "UIInterfaceOrientationPortrait UIInterfaceOrientationPortraitUpsideDown UIInterfaceOrientationLandscapeLeft UIInterfaceOrientationLandscapeRight";
				INFOPLIST_KEY_UISupportedInterfaceOrientations_iPhone = "UIInterfaceOrientationPortrait UIInterfaceOrientationLandscapeLeft UIInterfaceOrientationLandscapeRight";
				LD_RUNPATH_SEARCH_PATHS = (
					"$(inherited)",
					"@executable_path/Frameworks",
				);
				MARKETING_VERSION = 1.0;
				PRODUCT_BUNDLE_IDENTIFIER = sun.RxWithLatestFromTest;
				PRODUCT_NAME = "$(TARGET_NAME)";
				SWIFT_EMIT_LOC_STRINGS = YES;
				SWIFT_VERSION = 5.0;
				TARGETED_DEVICE_FAMILY = "1,2";
			};
			name = Debug;
		};
		0F1A3F5F297501BD008DAEAE /* Release */ = {
			isa = XCBuildConfiguration;
			buildSettings = {
				ASSETCATALOG_COMPILER_APPICON_NAME = AppIcon;
				ASSETCATALOG_COMPILER_GLOBAL_ACCENT_COLOR_NAME = AccentColor;
				CODE_SIGN_STYLE = Automatic;
				CURRENT_PROJECT_VERSION = 1;
				DEVELOPMENT_TEAM = 5YFP2CJ2SY;
				GENERATE_INFOPLIST_FILE = YES;
				INFOPLIST_FILE = RxWithLatestFromTest/Info.plist;
				INFOPLIST_KEY_UIApplicationSupportsIndirectInputEvents = YES;
				INFOPLIST_KEY_UILaunchStoryboardName = LaunchScreen;
				INFOPLIST_KEY_UIMainStoryboardFile = Main;
				INFOPLIST_KEY_UISupportedInterfaceOrientations_iPad = "UIInterfaceOrientationPortrait UIInterfaceOrientationPortraitUpsideDown UIInterfaceOrientationLandscapeLeft UIInterfaceOrientationLandscapeRight";
				INFOPLIST_KEY_UISupportedInterfaceOrientations_iPhone = "UIInterfaceOrientationPortrait UIInterfaceOrientationLandscapeLeft UIInterfaceOrientationLandscapeRight";
				LD_RUNPATH_SEARCH_PATHS = (
					"$(inherited)",
					"@executable_path/Frameworks",
				);
				MARKETING_VERSION = 1.0;
				PRODUCT_BUNDLE_IDENTIFIER = sun.RxWithLatestFromTest;
				PRODUCT_NAME = "$(TARGET_NAME)";
				SWIFT_EMIT_LOC_STRINGS = YES;
				SWIFT_VERSION = 5.0;
				TARGETED_DEVICE_FAMILY = "1,2";
			};
			name = Release;
		};
/* End XCBuildConfiguration section */

/* Begin XCConfigurationList section */
		0F1A3F44297501BB008DAEAE /* Build configuration list for PBXProject "RxWithLatestFromTest" */ = {
			isa = XCConfigurationList;
			buildConfigurations = (
				0F1A3F5B297501BD008DAEAE /* Debug */,
				0F1A3F5C297501BD008DAEAE /* Release */,
			);
			defaultConfigurationIsVisible = 0;
			defaultConfigurationName = Release;
		};
		0F1A3F5D297501BD008DAEAE /* Build configuration list for PBXNativeTarget "RxWithLatestFromTest" */ = {
			isa = XCConfigurationList;
			buildConfigurations = (
				0F1A3F5E297501BD008DAEAE /* Debug */,
				0F1A3F5F297501BD008DAEAE /* Release */,
			);
			defaultConfigurationIsVisible = 0;
			defaultConfigurationName = Release;
		};
/* End XCConfigurationList section */

/* Begin XCRemoteSwiftPackageReference section */
		0F1A3F6229750346008DAEAE /* XCRemoteSwiftPackageReference "RxSwift" */ = {
			isa = XCRemoteSwiftPackageReference;
			repositoryURL = "https://github.com/ReactiveX/RxSwift.git";
			requirement = {
				kind = upToNextMajorVersion;
				minimumVersion = 6.0.0;
			};
		};
/* End XCRemoteSwiftPackageReference section */

/* Begin XCSwiftPackageProductDependency section */
		0F1A3F6329750346008DAEAE /* RxCocoa */ = {
			isa = XCSwiftPackageProductDependency;
			package = 0F1A3F6229750346008DAEAE /* XCRemoteSwiftPackageReference "RxSwift" */;
			productName = RxCocoa;
		};
		0F1A3F6529750346008DAEAE /* RxSwift */ = {
			isa = XCSwiftPackageProductDependency;
			package = 0F1A3F6229750346008DAEAE /* XCRemoteSwiftPackageReference "RxSwift" */;
			productName = RxSwift;
		};
/* End XCSwiftPackageProductDependency section */
	};
	rootObject = 0F1A3F41297501BB008DAEAE /* Project object */;
}
