// !$*UTF8*$!
{
	archiveVersion = 1;
	classes = {
	};
	objectVersion = 55;
	objects = {

/* Begin PBXBuildFile section */
		0F4B8347287EAC4200CF8144 /* AppDelegate.swift in Sources */ = {isa = PBXBuildFile; fileRef = 0F4B8346287EAC4200CF8144 /* AppDelegate.swift */; };
		0F4B8349287EAC4200CF8144 /* SceneDelegate.swift in Sources */ = {isa = PBXBuildFile; fileRef = 0F4B8348287EAC4200CF8144 /* SceneDelegate.swift */; };
		0F4B834E287EAC4200CF8144 /* Main.storyboard in Resources */ = {isa = PBXBuildFile; fileRef = 0F4B834C287EAC4200CF8144 /* Main.storyboard */; };
		0F4B8350287EAC4400CF8144 /* Assets.xcassets in Resources */ = {isa = PBXBuildFile; fileRef = 0F4B834F287EAC4400CF8144 /* Assets.xcassets */; };
		0F4B8353287EAC4400CF8144 /* LaunchScreen.storyboard in Resources */ = {isa = PBXBuildFile; fileRef = 0F4B8351287EAC4400CF8144 /* LaunchScreen.storyboard */; };
		0F4B835B287EAF0000CF8144 /* LoginViewController.swift in Sources */ = {isa = PBXBuildFile; fileRef = 0F4B835A287EAF0000CF8144 /* LoginViewController.swift */; };
		0F4B835D287EC68C00CF8144 /* EnterEmailLoginViewController.swift in Sources */ = {isa = PBXBuildFile; fileRef = 0F4B835C287EC68B00CF8144 /* EnterEmailLoginViewController.swift */; };
		0F4B835F287FC3C600CF8144 /* MainViewController.swift in Sources */ = {isa = PBXBuildFile; fileRef = 0F4B835E287FC3C500CF8144 /* MainViewController.swift */; };
		0F4B8361287FE71F00CF8144 /* GoogleService-Info.plist in Resources */ = {isa = PBXBuildFile; fileRef = 0F4B8360287FE71F00CF8144 /* GoogleService-Info.plist */; };
		B494DED850A57A3234FA4527 /* Pods_SpotifyLoginSampleApp.framework in Frameworks */ = {isa = PBXBuildFile; fileRef = 04A39F29E9C0FE7DCEE0FC07 /* Pods_SpotifyLoginSampleApp.framework */; };
/* End PBXBuildFile section */

/* Begin PBXFileReference section */
		04A39F29E9C0FE7DCEE0FC07 /* Pods_SpotifyLoginSampleApp.framework */ = {isa = PBXFileReference; explicitFileType = wrapper.framework; includeInIndex = 0; path = Pods_SpotifyLoginSampleApp.framework; sourceTree = BUILT_PRODUCTS_DIR; };
		0F4B8343287EAC4200CF8144 /* SpotifyLoginSampleApp.app */ = {isa = PBXFileReference; explicitFileType = wrapper.application; includeInIndex = 0; path = SpotifyLoginSampleApp.app; sourceTree = BUILT_PRODUCTS_DIR; };
		0F4B8346287EAC4200CF8144 /* AppDelegate.swift */ = {isa = PBXFileReference; lastKnownFileType = sourcecode.swift; path = AppDelegate.swift; sourceTree = "<group>"; };
		0F4B8348287EAC4200CF8144 /* SceneDelegate.swift */ = {isa = PBXFileReference; lastKnownFileType = sourcecode.swift; path = SceneDelegate.swift; sourceTree = "<group>"; };
		0F4B834D287EAC4200CF8144 /* Base */ = {isa = PBXFileReference; lastKnownFileType = file.storyboard; name = Base; path = Base.lproj/Main.storyboard; sourceTree = "<group>"; };
		0F4B834F287EAC4400CF8144 /* Assets.xcassets */ = {isa = PBXFileReference; lastKnownFileType = folder.assetcatalog; path = Assets.xcassets; sourceTree = "<group>"; };
		0F4B8352287EAC4400CF8144 /* Base */ = {isa = PBXFileReference; lastKnownFileType = file.storyboard; name = Base; path = Base.lproj/LaunchScreen.storyboard; sourceTree = "<group>"; };
		0F4B8354287EAC4400CF8144 /* Info.plist */ = {isa = PBXFileReference; lastKnownFileType = text.plist.xml; path = Info.plist; sourceTree = "<group>"; };
		0F4B835A287EAF0000CF8144 /* LoginViewController.swift */ = {isa = PBXFileReference; lastKnownFileType = sourcecode.swift; path = LoginViewController.swift; sourceTree = "<group>"; };
		0F4B835C287EC68B00CF8144 /* EnterEmailLoginViewController.swift */ = {isa = PBXFileReference; lastKnownFileType = sourcecode.swift; path = EnterEmailLoginViewController.swift; sourceTree = "<group>"; };
		0F4B835E287FC3C500CF8144 /* MainViewController.swift */ = {isa = PBXFileReference; lastKnownFileType = sourcecode.swift; path = MainViewController.swift; sourceTree = "<group>"; };
		0F4B8360287FE71F00CF8144 /* GoogleService-Info.plist */ = {isa = PBXFileReference; fileEncoding = 4; lastKnownFileType = text.plist.xml; path = "GoogleService-Info.plist"; sourceTree = "<group>"; };
		37BBC8A7E0F24E8849F90B01 /* Pods-SpotifyLoginSampleApp.debug.xcconfig */ = {isa = PBXFileReference; includeInIndex = 1; lastKnownFileType = text.xcconfig; name = "Pods-SpotifyLoginSampleApp.debug.xcconfig"; path = "Target Support Files/Pods-SpotifyLoginSampleApp/Pods-SpotifyLoginSampleApp.debug.xcconfig"; sourceTree = "<group>"; };
		CEAE2DBA6D55F6BA075009A0 /* Pods-SpotifyLoginSampleApp.release.xcconfig */ = {isa = PBXFileReference; includeInIndex = 1; lastKnownFileType = text.xcconfig; name = "Pods-SpotifyLoginSampleApp.release.xcconfig"; path = "Target Support Files/Pods-SpotifyLoginSampleApp/Pods-SpotifyLoginSampleApp.release.xcconfig"; sourceTree = "<group>"; };
/* End PBXFileReference section */

/* Begin PBXFrameworksBuildPhase section */
		0F4B8340287EAC4200CF8144 /* Frameworks */ = {
			isa = PBXFrameworksBuildPhase;
			buildActionMask = 2147483647;
			files = (
				B494DED850A57A3234FA4527 /* Pods_SpotifyLoginSampleApp.framework in Frameworks */,
			);
			runOnlyForDeploymentPostprocessing = 0;
		};
/* End PBXFrameworksBuildPhase section */

/* Begin PBXGroup section */
		0795C5BCBBA582B473168D25 /* Pods */ = {
			isa = PBXGroup;
			children = (
				37BBC8A7E0F24E8849F90B01 /* Pods-SpotifyLoginSampleApp.debug.xcconfig */,
				CEAE2DBA6D55F6BA075009A0 /* Pods-SpotifyLoginSampleApp.release.xcconfig */,
			);
			path = Pods;
			sourceTree = "<group>";
		};
		0F4B833A287EAC4200CF8144 = {
			isa = PBXGroup;
			children = (
				0F4B8345287EAC4200CF8144 /* SpotifyLoginSampleApp */,
				0F4B8344287EAC4200CF8144 /* Products */,
				0795C5BCBBA582B473168D25 /* Pods */,
				8E9BD840332CDB348AD62710 /* Frameworks */,
			);
			sourceTree = "<group>";
		};
		0F4B8344287EAC4200CF8144 /* Products */ = {
			isa = PBXGroup;
			children = (
				0F4B8343287EAC4200CF8144 /* SpotifyLoginSampleApp.app */,
			);
			name = Products;
			sourceTree = "<group>";
		};
		0F4B8345287EAC4200CF8144 /* SpotifyLoginSampleApp */ = {
			isa = PBXGroup;
			children = (
				0F4B8346287EAC4200CF8144 /* AppDelegate.swift */,
				0F4B8348287EAC4200CF8144 /* SceneDelegate.swift */,
				0F4B834C287EAC4200CF8144 /* Main.storyboard */,
				0F4B835C287EC68B00CF8144 /* EnterEmailLoginViewController.swift */,
				0F4B835E287FC3C500CF8144 /* MainViewController.swift */,
				0F4B835A287EAF0000CF8144 /* LoginViewController.swift */,
				0F4B834F287EAC4400CF8144 /* Assets.xcassets */,
				0F4B8351287EAC4400CF8144 /* LaunchScreen.storyboard */,
				0F4B8354287EAC4400CF8144 /* Info.plist */,
				0F4B8360287FE71F00CF8144 /* GoogleService-Info.plist */,
			);
			path = SpotifyLoginSampleApp;
			sourceTree = "<group>";
		};
		8E9BD840332CDB348AD62710 /* Frameworks */ = {
			isa = PBXGroup;
			children = (
				04A39F29E9C0FE7DCEE0FC07 /* Pods_SpotifyLoginSampleApp.framework */,
			);
			name = Frameworks;
			sourceTree = "<group>";
		};
/* End PBXGroup section */

/* Begin PBXNativeTarget section */
		0F4B8342287EAC4200CF8144 /* SpotifyLoginSampleApp */ = {
			isa = PBXNativeTarget;
			buildConfigurationList = 0F4B8357287EAC4400CF8144 /* Build configuration list for PBXNativeTarget "SpotifyLoginSampleApp" */;
			buildPhases = (
				0700032B4C5B87DAAE48B414 /* [CP] Check Pods Manifest.lock */,
				0F4B833F287EAC4200CF8144 /* Sources */,
				0F4B8340287EAC4200CF8144 /* Frameworks */,
				0F4B8341287EAC4200CF8144 /* Resources */,
				6FAE2038E36C2A0EDE15FAC9 /* [CP] Embed Pods Frameworks */,
				8448503B88DD1D51E8AE722F /* [CP] Copy Pods Resources */,
			);
			buildRules = (
			);
			dependencies = (
			);
			name = SpotifyLoginSampleApp;
			productName = SpotifyLoginSampleApp;
			productReference = 0F4B8343287EAC4200CF8144 /* SpotifyLoginSampleApp.app */;
			productType = "com.apple.product-type.application";
		};
/* End PBXNativeTarget section */

/* Begin PBXProject section */
		0F4B833B287EAC4200CF8144 /* Project object */ = {
			isa = PBXProject;
			attributes = {
				BuildIndependentTargetsInParallel = 1;
				LastSwiftUpdateCheck = 1340;
				LastUpgradeCheck = 1340;
				TargetAttributes = {
					0F4B8342287EAC4200CF8144 = {
						CreatedOnToolsVersion = 13.4.1;
					};
				};
			};
			buildConfigurationList = 0F4B833E287EAC4200CF8144 /* Build configuration list for PBXProject "SpotifyLoginSampleApp" */;
			compatibilityVersion = "Xcode 13.0";
			developmentRegion = en;
			hasScannedForEncodings = 0;
			knownRegions = (
				en,
				Base,
			);
			mainGroup = 0F4B833A287EAC4200CF8144;
			productRefGroup = 0F4B8344287EAC4200CF8144 /* Products */;
			projectDirPath = "";
			projectRoot = "";
			targets = (
				0F4B8342287EAC4200CF8144 /* SpotifyLoginSampleApp */,
			);
		};
/* End PBXProject section */

/* Begin PBXResourcesBuildPhase section */
		0F4B8341287EAC4200CF8144 /* Resources */ = {
			isa = PBXResourcesBuildPhase;
			buildActionMask = 2147483647;
			files = (
				0F4B8353287EAC4400CF8144 /* LaunchScreen.storyboard in Resources */,
				0F4B8361287FE71F00CF8144 /* GoogleService-Info.plist in Resources */,
				0F4B8350287EAC4400CF8144 /* Assets.xcassets in Resources */,
				0F4B834E287EAC4200CF8144 /* Main.storyboard in Resources */,
			);
			runOnlyForDeploymentPostprocessing = 0;
		};
/* End PBXResourcesBuildPhase section */

/* Begin PBXShellScriptBuildPhase section */
		0700032B4C5B87DAAE48B414 /* [CP] Check Pods Manifest.lock */ = {
			isa = PBXShellScriptBuildPhase;
			buildActionMask = 2147483647;
			files = (
			);
			inputFileListPaths = (
			);
			inputPaths = (
				"${PODS_PODFILE_DIR_PATH}/Podfile.lock",
				"${PODS_ROOT}/Manifest.lock",
			);
			name = "[CP] Check Pods Manifest.lock";
			outputFileListPaths = (
			);
			outputPaths = (
				"$(DERIVED_FILE_DIR)/Pods-SpotifyLoginSampleApp-checkManifestLockResult.txt",
			);
			runOnlyForDeploymentPostprocessing = 0;
			shellPath = /bin/sh;
			shellScript = "diff \"${PODS_PODFILE_DIR_PATH}/Podfile.lock\" \"${PODS_ROOT}/Manifest.lock\" > /dev/null\nif [ $? != 0 ] ; then\n    # print error to STDERR\n    echo \"error: The sandbox is not in sync with the Podfile.lock. Run 'pod install' or update your CocoaPods installation.\" >&2\n    exit 1\nfi\n# This output is used by Xcode 'outputs' to avoid re-running this script phase.\necho \"SUCCESS\" > \"${SCRIPT_OUTPUT_FILE_0}\"\n";
			showEnvVarsInLog = 0;
		};
		6FAE2038E36C2A0EDE15FAC9 /* [CP] Embed Pods Frameworks */ = {
			isa = PBXShellScriptBuildPhase;
			buildActionMask = 2147483647;
			files = (
			);
			inputFileListPaths = (
				"${PODS_ROOT}/Target Support Files/Pods-SpotifyLoginSampleApp/Pods-SpotifyLoginSampleApp-frameworks-${CONFIGURATION}-input-files.xcfilelist",
			);
			name = "[CP] Embed Pods Frameworks";
			outputFileListPaths = (
				"${PODS_ROOT}/Target Support Files/Pods-SpotifyLoginSampleApp/Pods-SpotifyLoginSampleApp-frameworks-${CONFIGURATION}-output-files.xcfilelist",
			);
			runOnlyForDeploymentPostprocessing = 0;
			shellPath = /bin/sh;
			shellScript = "\"${PODS_ROOT}/Target Support Files/Pods-SpotifyLoginSampleApp/Pods-SpotifyLoginSampleApp-frameworks.sh\"\n";
			showEnvVarsInLog = 0;
		};
		8448503B88DD1D51E8AE722F /* [CP] Copy Pods Resources */ = {
			isa = PBXShellScriptBuildPhase;
			buildActionMask = 2147483647;
			files = (
			);
			inputFileListPaths = (
				"${PODS_ROOT}/Target Support Files/Pods-SpotifyLoginSampleApp/Pods-SpotifyLoginSampleApp-resources-${CONFIGURATION}-input-files.xcfilelist",
			);
			name = "[CP] Copy Pods Resources";
			outputFileListPaths = (
				"${PODS_ROOT}/Target Support Files/Pods-SpotifyLoginSampleApp/Pods-SpotifyLoginSampleApp-resources-${CONFIGURATION}-output-files.xcfilelist",
			);
			runOnlyForDeploymentPostprocessing = 0;
			shellPath = /bin/sh;
			shellScript = "\"${PODS_ROOT}/Target Support Files/Pods-SpotifyLoginSampleApp/Pods-SpotifyLoginSampleApp-resources.sh\"\n";
			showEnvVarsInLog = 0;
		};
/* End PBXShellScriptBuildPhase section */

/* Begin PBXSourcesBuildPhase section */
		0F4B833F287EAC4200CF8144 /* Sources */ = {
			isa = PBXSourcesBuildPhase;
			buildActionMask = 2147483647;
			files = (
				0F4B835D287EC68C00CF8144 /* EnterEmailLoginViewController.swift in Sources */,
				0F4B835B287EAF0000CF8144 /* LoginViewController.swift in Sources */,
				0F4B8347287EAC4200CF8144 /* AppDelegate.swift in Sources */,
				0F4B8349287EAC4200CF8144 /* SceneDelegate.swift in Sources */,
				0F4B835F287FC3C600CF8144 /* MainViewController.swift in Sources */,
			);
			runOnlyForDeploymentPostprocessing = 0;
		};
/* End PBXSourcesBuildPhase section */

/* Begin PBXVariantGroup section */
		0F4B834C287EAC4200CF8144 /* Main.storyboard */ = {
			isa = PBXVariantGroup;
			children = (
				0F4B834D287EAC4200CF8144 /* Base */,
			);
			name = Main.storyboard;
			sourceTree = "<group>";
		};
		0F4B8351287EAC4400CF8144 /* LaunchScreen.storyboard */ = {
			isa = PBXVariantGroup;
			children = (
				0F4B8352287EAC4400CF8144 /* Base */,
			);
			name = LaunchScreen.storyboard;
			sourceTree = "<group>";
		};
/* End PBXVariantGroup section */

/* Begin XCBuildConfiguration section */
		0F4B8355287EAC4400CF8144 /* Debug */ = {
			isa = XCBuildConfiguration;
			buildSettings = {
				ALWAYS_SEARCH_USER_PATHS = NO;
				CLANG_ANALYZER_NONNULL = YES;
				CLANG_ANALYZER_NUMBER_OBJECT_CONVERSION = YES_AGGRESSIVE;
				CLANG_CXX_LANGUAGE_STANDARD = "gnu++17";
				CLANG_ENABLE_MODULES = YES;
				CLANG_ENABLE_OBJC_ARC = YES;
				CLANG_ENABLE_OBJC_WEAK = YES;
				CLANG_WARN_BLOCK_CAPTURE_AUTORELEASING = YES;
				CLANG_WARN_BOOL_CONVERSION = YES;
				CLANG_WARN_COMMA = YES;
				CLANG_WARN_CONSTANT_CONVERSION = YES;
				CLANG_WARN_DEPRECATED_OBJC_IMPLEMENTATIONS = YES;
				CLANG_WARN_DIRECT_OBJC_ISA_USAGE = YES_ERROR;
				CLANG_WARN_DOCUMENTATION_COMMENTS = YES;
				CLANG_WARN_EMPTY_BODY = YES;
				CLANG_WARN_ENUM_CONVERSION = YES;
				CLANG_WARN_INFINITE_RECURSION = YES;
				CLANG_WARN_INT_CONVERSION = YES;
				CLANG_WARN_NON_LITERAL_NULL_CONVERSION = YES;
				CLANG_WARN_OBJC_IMPLICIT_RETAIN_SELF = YES;
				CLANG_WARN_OBJC_LITERAL_CONVERSION = YES;
				CLANG_WARN_OBJC_ROOT_CLASS = YES_ERROR;
				CLANG_WARN_QUOTED_INCLUDE_IN_FRAMEWORK_HEADER = YES;
				CLANG_WARN_RANGE_LOOP_ANALYSIS = YES;
				CLANG_WARN_STRICT_PROTOTYPES = YES;
				CLANG_WARN_SUSPICIOUS_MOVE = YES;
				CLANG_WARN_UNGUARDED_AVAILABILITY = YES_AGGRESSIVE;
				CLANG_WARN_UNREACHABLE_CODE = YES;
				CLANG_WARN__DUPLICATE_METHOD_MATCH = YES;
				COPY_PHASE_STRIP = NO;
				DEBUG_INFORMATION_FORMAT = dwarf;
				ENABLE_STRICT_OBJC_MSGSEND = YES;
				ENABLE_TESTABILITY = YES;
				GCC_C_LANGUAGE_STANDARD = gnu11;
				GCC_DYNAMIC_NO_PIC = NO;
				GCC_NO_COMMON_BLOCKS = YES;
				GCC_OPTIMIZATION_LEVEL = 0;
				GCC_PREPROCESSOR_DEFINITIONS = (
					"DEBUG=1",
					"$(inherited)",
				);
				GCC_WARN_64_TO_32_BIT_CONVERSION = YES;
				GCC_WARN_ABOUT_RETURN_TYPE = YES_ERROR;
				GCC_WARN_UNDECLARED_SELECTOR = YES;
				GCC_WARN_UNINITIALIZED_AUTOS = YES_AGGRESSIVE;
				GCC_WARN_UNUSED_FUNCTION = YES;
				GCC_WARN_UNUSED_VARIABLE = YES;
				IPHONEOS_DEPLOYMENT_TARGET = 15.5;
				MTL_ENABLE_DEBUG_INFO = INCLUDE_SOURCE;
				MTL_FAST_MATH = YES;
				ONLY_ACTIVE_ARCH = YES;
				SDKROOT = iphoneos;
				SWIFT_ACTIVE_COMPILATION_CONDITIONS = DEBUG;
				SWIFT_OPTIMIZATION_LEVEL = "-Onone";
			};
			name = Debug;
		};
		0F4B8356287EAC4400CF8144 /* Release */ = {
			isa = XCBuildConfiguration;
			buildSettings = {
				ALWAYS_SEARCH_USER_PATHS = NO;
				CLANG_ANALYZER_NONNULL = YES;
				CLANG_ANALYZER_NUMBER_OBJECT_CONVERSION = YES_AGGRESSIVE;
				CLANG_CXX_LANGUAGE_STANDARD = "gnu++17";
				CLANG_ENABLE_MODULES = YES;
				CLANG_ENABLE_OBJC_ARC = YES;
				CLANG_ENABLE_OBJC_WEAK = YES;
				CLANG_WARN_BLOCK_CAPTURE_AUTORELEASING = YES;
				CLANG_WARN_BOOL_CONVERSION = YES;
				CLANG_WARN_COMMA = YES;
				CLANG_WARN_CONSTANT_CONVERSION = YES;
				CLANG_WARN_DEPRECATED_OBJC_IMPLEMENTATIONS = YES;
				CLANG_WARN_DIRECT_OBJC_ISA_USAGE = YES_ERROR;
				CLANG_WARN_DOCUMENTATION_COMMENTS = YES;
				CLANG_WARN_EMPTY_BODY = YES;
				CLANG_WARN_ENUM_CONVERSION = YES;
				CLANG_WARN_INFINITE_RECURSION = YES;
				CLANG_WARN_INT_CONVERSION = YES;
				CLANG_WARN_NON_LITERAL_NULL_CONVERSION = YES;
				CLANG_WARN_OBJC_IMPLICIT_RETAIN_SELF = YES;
				CLANG_WARN_OBJC_LITERAL_CONVERSION = YES;
				CLANG_WARN_OBJC_ROOT_CLASS = YES_ERROR;
				CLANG_WARN_QUOTED_INCLUDE_IN_FRAMEWORK_HEADER = YES;
				CLANG_WARN_RANGE_LOOP_ANALYSIS = YES;
				CLANG_WARN_STRICT_PROTOTYPES = YES;
				CLANG_WARN_SUSPICIOUS_MOVE = YES;
				CLANG_WARN_UNGUARDED_AVAILABILITY = YES_AGGRESSIVE;
				CLANG_WARN_UNREACHABLE_CODE = YES;
				CLANG_WARN__DUPLICATE_METHOD_MATCH = YES;
				COPY_PHASE_STRIP = NO;
				DEBUG_INFORMATION_FORMAT = "dwarf-with-dsym";
				ENABLE_NS_ASSERTIONS = NO;
				ENABLE_STRICT_OBJC_MSGSEND = YES;
				GCC_C_LANGUAGE_STANDARD = gnu11;
				GCC_NO_COMMON_BLOCKS = YES;
				GCC_WARN_64_TO_32_BIT_CONVERSION = YES;
				GCC_WARN_ABOUT_RETURN_TYPE = YES_ERROR;
				GCC_WARN_UNDECLARED_SELECTOR = YES;
				GCC_WARN_UNINITIALIZED_AUTOS = YES_AGGRESSIVE;
				GCC_WARN_UNUSED_FUNCTION = YES;
				GCC_WARN_UNUSED_VARIABLE = YES;
				IPHONEOS_DEPLOYMENT_TARGET = 15.5;
				MTL_ENABLE_DEBUG_INFO = NO;
				MTL_FAST_MATH = YES;
				SDKROOT = iphoneos;
				SWIFT_COMPILATION_MODE = wholemodule;
				SWIFT_OPTIMIZATION_LEVEL = "-O";
				VALIDATE_PRODUCT = YES;
			};
			name = Release;
		};
		0F4B8358287EAC4400CF8144 /* Debug */ = {
			isa = XCBuildConfiguration;
			baseConfigurationReference = 37BBC8A7E0F24E8849F90B01 /* Pods-SpotifyLoginSampleApp.debug.xcconfig */;
			buildSettings = {
				ASSETCATALOG_COMPILER_APPICON_NAME = AppIcon;
				ASSETCATALOG_COMPILER_GLOBAL_ACCENT_COLOR_NAME = AccentColor;
				CODE_SIGN_STYLE = Automatic;
				CURRENT_PROJECT_VERSION = 1;
				DEVELOPMENT_TEAM = 5YFP2CJ2SY;
				GENERATE_INFOPLIST_FILE = YES;
				INFOPLIST_FILE = SpotifyLoginSampleApp/Info.plist;
				INFOPLIST_KEY_UIApplicationSupportsIndirectInputEvents = YES;
				INFOPLIST_KEY_UILaunchStoryboardName = LaunchScreen;
				INFOPLIST_KEY_UIMainStoryboardFile = Main;
				INFOPLIST_KEY_UISupportedInterfaceOrientations_iPad = "UIInterfaceOrientationPortrait UIInterfaceOrientationPortraitUpsideDown UIInterfaceOrientationLandscapeLeft UIInterfaceOrientationLandscapeRight";
				INFOPLIST_KEY_UISupportedInterfaceOrientations_iPhone = "UIInterfaceOrientationPortrait UIInterfaceOrientationLandscapeLeft UIInterfaceOrientationLandscapeRight";
				LD_RUNPATH_SEARCH_PATHS = (
					"$(inherited)",
					"@executable_path/Frameworks",
				);
				MARKETING_VERSION = 1.0;
				PRODUCT_BUNDLE_IDENTIFIER = sun.SpotifyLoginSampleApp;
				PRODUCT_NAME = "$(TARGET_NAME)";
				SWIFT_EMIT_LOC_STRINGS = YES;
				SWIFT_VERSION = 5.0;
				TARGETED_DEVICE_FAMILY = "1,2";
			};
			name = Debug;
		};
		0F4B8359287EAC4400CF8144 /* Release */ = {
			isa = XCBuildConfiguration;
			baseConfigurationReference = CEAE2DBA6D55F6BA075009A0 /* Pods-SpotifyLoginSampleApp.release.xcconfig */;
			buildSettings = {
				ASSETCATALOG_COMPILER_APPICON_NAME = AppIcon;
				ASSETCATALOG_COMPILER_GLOBAL_ACCENT_COLOR_NAME = AccentColor;
				CODE_SIGN_STYLE = Automatic;
				CURRENT_PROJECT_VERSION = 1;
				DEVELOPMENT_TEAM = 5YFP2CJ2SY;
				GENERATE_INFOPLIST_FILE = YES;
				INFOPLIST_FILE = SpotifyLoginSampleApp/Info.plist;
				INFOPLIST_KEY_UIApplicationSupportsIndirectInputEvents = YES;
				INFOPLIST_KEY_UILaunchStoryboardName = LaunchScreen;
				INFOPLIST_KEY_UIMainStoryboardFile = Main;
				INFOPLIST_KEY_UISupportedInterfaceOrientations_iPad = "UIInterfaceOrientationPortrait UIInterfaceOrientationPortraitUpsideDown UIInterfaceOrientationLandscapeLeft UIInterfaceOrientationLandscapeRight";
				INFOPLIST_KEY_UISupportedInterfaceOrientations_iPhone = "UIInterfaceOrientationPortrait UIInterfaceOrientationLandscapeLeft UIInterfaceOrientationLandscapeRight";
				LD_RUNPATH_SEARCH_PATHS = (
					"$(inherited)",
					"@executable_path/Frameworks",
				);
				MARKETING_VERSION = 1.0;
				PRODUCT_BUNDLE_IDENTIFIER = sun.SpotifyLoginSampleApp;
				PRODUCT_NAME = "$(TARGET_NAME)";
				SWIFT_EMIT_LOC_STRINGS = YES;
				SWIFT_VERSION = 5.0;
				TARGETED_DEVICE_FAMILY = "1,2";
			};
			name = Release;
		};
/* End XCBuildConfiguration section */

/* Begin XCConfigurationList section */
		0F4B833E287EAC4200CF8144 /* Build configuration list for PBXProject "SpotifyLoginSampleApp" */ = {
			isa = XCConfigurationList;
			buildConfigurations = (
				0F4B8355287EAC4400CF8144 /* Debug */,
				0F4B8356287EAC4400CF8144 /* Release */,
			);
			defaultConfigurationIsVisible = 0;
			defaultConfigurationName = Release;
		};
		0F4B8357287EAC4400CF8144 /* Build configuration list for PBXNativeTarget "SpotifyLoginSampleApp" */ = {
			isa = XCConfigurationList;
			buildConfigurations = (
				0F4B8358287EAC4400CF8144 /* Debug */,
				0F4B8359287EAC4400CF8144 /* Release */,
			);
			defaultConfigurationIsVisible = 0;
			defaultConfigurationName = Release;
		};
/* End XCConfigurationList section */
	};
	rootObject = 0F4B833B287EAC4200CF8144 /* Project object */;
}
